
Microsoft Visual Studio Solution File, Format Version 12.00
# Visual Studio 15
VisualStudioVersion = 15.0.28010.2026
MinimumVisualStudioVersion = 10.0.40219.1
Project("{9A19103F-16F7-4668-BE54-9A1E7A4F7556}") = "PetApi", "PetApi\PetApi.csproj", "{04F5D9E3-575A-44FE-A144-C8BA4775EF58}"
EndProject
Project("{9A19103F-16F7-4668-BE54-9A1E7A4F7556}") = "PetsClient", "PetsClient\PetsClient.csproj", "{843C3B74-8D1A-42F5-BA49-B092DD3C9E31}"
EndProject
Project("{FAE04EC0-301F-11D3-BF4B-00C04F79EFBC}") = "PetApp", "PetApp\PetApp.csproj", "{72F4C207-C2F2-4893-A3B9-65B64F8252FD}"
EndProject
Global
	GlobalSection(SolutionConfigurationPlatforms) = preSolution
		Debug|Any CPU = Debug|Any CPU
		Release|Any CPU = Release|Any CPU
	EndGlobalSection
	GlobalSection(ProjectConfigurationPlatforms) = postSolution
		{04F5D9E3-575A-44FE-A144-C8BA4775EF58}.Debug|Any CPU.ActiveCfg = Debug|Any CPU
		{04F5D9E3-575A-44FE-A144-C8BA4775EF58}.Debug|Any CPU.Build.0 = Debug|Any CPU
		{04F5D9E3-575A-44FE-A144-C8BA4775EF58}.Release|Any CPU.ActiveCfg = Release|Any CPU
		{04F5D9E3-575A-44FE-A144-C8BA4775EF58}.Release|Any CPU.Build.0 = Release|Any CPU
		{843C3B74-8D1A-42F5-BA49-B092DD3C9E31}.Debug|Any CPU.ActiveCfg = Debug|Any CPU
		{843C3B74-8D1A-42F5-BA49-B092DD3C9E31}.Debug|Any CPU.Build.0 = Debug|Any CPU
		{843C3B74-8D1A-42F5-BA49-B092DD3C9E31}.Release|Any CPU.ActiveCfg = Release|Any CPU
		{843C3B74-8D1A-42F5-BA49-B092DD3C9E31}.Release|Any CPU.Build.0 = Release|Any CPU
		{72F4C207-C2F2-4893-A3B9-65B64F8252FD}.Debug|Any CPU.ActiveCfg = Debug|Any CPU
		{72F4C207-C2F2-4893-A3B9-65B64F8252FD}.Debug|Any CPU.Build.0 = Debug|Any CPU
		{72F4C207-C2F2-4893-A3B9-65B64F8252FD}.Release|Any CPU.ActiveCfg = Release|Any CPU
		{72F4C207-C2F2-4893-A3B9-65B64F8252FD}.Release|Any CPU.Build.0 = Release|Any CPU
	EndGlobalSection
	GlobalSection(SolutionProperties) = preSolution
		HideSolutionNode = FALSE
	EndGlobalSection
	GlobalSection(ExtensibilityGlobals) = postSolution
		SolutionGuid = {0409B55C-8E9A-47BD-AB6A-B204603D9DE5}
	EndGlobalSection
EndGlobal
